
Microsoft Visual Studio Solution File, Format Version 12.00
# Visual Studio Version 17
VisualStudioVersion = 17.1.32414.318
MinimumVisualStudioVersion = 10.0.40219.1
Project("{FAE04EC0-301F-11D3-BF4B-00C04F79EFBC}") = "Pinterest", "Pinterest\Pinterest.csproj", "{FCDAB9CA-AC8E-4AE8-B43B-C24A33EFD52D}"
EndProject
Global
	GlobalSection(SolutionConfigurationPlatforms) = preSolution
		Debug|Any CPU = Debug|Any CPU
		Release|Any CPU = Release|Any CPU
	EndGlobalSection
	GlobalSection(ProjectConfigurationPlatforms) = postSolution
		{FCDAB9CA-AC8E-4AE8-B43B-C24A33EFD52D}.Debug|Any CPU.ActiveCfg = Debug|Any CPU
		{FCDAB9CA-AC8E-4AE8-B43B-C24A33EFD52D}.Debug|Any CPU.Build.0 = Debug|Any CPU
		{FCDAB9CA-AC8E-4AE8-B43B-C24A33EFD52D}.Release|Any CPU.ActiveCfg = Release|Any CPU
		{FCDAB9CA-AC8E-4AE8-B43B-C24A33EFD52D}.Release|Any CPU.Build.0 = Release|Any CPU
	EndGlobalSection
	GlobalSection(SolutionProperties) = preSolution
		HideSolutionNode = FALSE
	EndGlobalSection
	GlobalSection(ExtensibilityGlobals) = postSolution
		SolutionGuid = {F6E82E0E-C589-49B7-BF7D-237FFF990163}
	EndGlobalSection
EndGlobal
